{
  "name": "ISBNQuery",
  "requires": true,
  "lockfileVersion": 1,
  "dependencies": {
    "doubanbook": {
      "version": "1.0.1",
      "resolved": "http://r.tnpm.oa.com/doubanbook/-/doubanbook-1.0.1.tgz",
      "integrity": "sha512-7nXuFbVeVPeQ+L7+KodvCBhHrVGRJaTIM5Yl7Ew0fjsYi+BgNYfvX+TIZcCFnAxrMFdzqyna4Oq4fmti6HNMHw=="
    }
  }
}
